
Microsoft Visual Studio Solution File, Format Version 12.00
# Visual Studio Version 16
VisualStudioVersion = 16.0.29409.12
MinimumVisualStudioVersion = 10.0.40219.1
Project("{FAE04EC0-301F-11D3-BF4B-00C04F79EFBC}") = "proverka", "proverka\proverka.csproj", "{E3B18C69-01C6-4C54-8886-704653B9C151}"
EndProject
Global
	GlobalSection(SolutionConfigurationPlatforms) = preSolution
		Debug|Any CPU = Debug|Any CPU
		Release|Any CPU = Release|Any CPU
	EndGlobalSection
	GlobalSection(ProjectConfigurationPlatforms) = postSolution
		{E3B18C69-01C6-4C54-8886-704653B9C151}.Debug|Any CPU.ActiveCfg = Debug|Any CPU
		{E3B18C69-01C6-4C54-8886-704653B9C151}.Debug|Any CPU.Build.0 = Debug|Any CPU
		{E3B18C69-01C6-4C54-8886-704653B9C151}.Release|Any CPU.ActiveCfg = Release|Any CPU
		{E3B18C69-01C6-4C54-8886-704653B9C151}.Release|Any CPU.Build.0 = Release|Any CPU
	EndGlobalSection
	GlobalSection(SolutionProperties) = preSolution
		HideSolutionNode = FALSE
	EndGlobalSection
	GlobalSection(ExtensibilityGlobals) = postSolution
		SolutionGuid = {4F49C8F2-C33A-4C9C-AAA4-4489E646968D}
	EndGlobalSection
EndGlobal
